
Microsoft Visual Studio Solution File, Format Version 12.00
# Visual Studio 15
VisualStudioVersion = 15.0.27428.2043
MinimumVisualStudioVersion = 10.0.40219.1
Project("{FAE04EC0-301F-11D3-BF4B-00C04F79EFBC}") = "TableStorage", "CloudTable\TableStorage.csproj", "{FFB47F1D-4048-4C13-98BB-68DF61F0DD34}"
EndProject
Global
	GlobalSection(SolutionConfigurationPlatforms) = preSolution
		Debug|Any CPU = Debug|Any CPU
		Release|Any CPU = Release|Any CPU
	EndGlobalSection
	GlobalSection(ProjectConfigurationPlatforms) = postSolution
		{FFB47F1D-4048-4C13-98BB-68DF61F0DD34}.Debug|Any CPU.ActiveCfg = Debug|Any CPU
		{FFB47F1D-4048-4C13-98BB-68DF61F0DD34}.Debug|Any CPU.Build.0 = Debug|Any CPU
		{FFB47F1D-4048-4C13-98BB-68DF61F0DD34}.Release|Any CPU.ActiveCfg = Release|Any CPU
		{FFB47F1D-4048-4C13-98BB-68DF61F0DD34}.Release|Any CPU.Build.0 = Release|Any CPU
	EndGlobalSection
	GlobalSection(SolutionProperties) = preSolution
		HideSolutionNode = FALSE
	EndGlobalSection
	GlobalSection(ExtensibilityGlobals) = postSolution
		SolutionGuid = {CAEFA759-15C7-47A0-974E-6680884C5D29}
	EndGlobalSection
EndGlobal
